
Microsoft Visual Studio Solution File, Format Version 12.00
# Visual Studio Version 17
VisualStudioVersion = 17.0.31903.59
MinimumVisualStudioVersion = 10.0.40219.1
Project("{2150E333-8FDC-42A3-9474-1A3956D46DE8}") = "src", "src", "{02EA681E-C7D8-13C7-8484-4AC65E1B71E8}"
EndProject
Project("{2150E333-8FDC-42A3-9474-1A3956D46DE8}") = "tests", "tests", "{10FE260B-071A-43A7-BE72-CF67AAE2BD6F}"
EndProject
Project("{2150E333-8FDC-42A3-9474-1A3956D46DE8}") = "Identity", "Identity", "{DCBE846A-AFEF-424F-90CA-67D4AD52C67A}"
EndProject
Project("{FAE04EC0-301F-11D3-BF4B-00C04F79EFBC}") = "Fintrack.Identity.Domain", "src\Identity\Fintrack.Identity.Domain\Fintrack.Identity.Domain.csproj", "{B0C53E34-F5BB-45A1-802E-F2CA827DD7E0}"
EndProject
Project("{FAE04EC0-301F-11D3-BF4B-00C04F79EFBC}") = "Fintrack.Identity.Application", "src\Identity\Fintrack.Identity.Application\Fintrack.Identity.Application.csproj", "{15D94B87-BC75-4F6C-97B1-616E8F5D5EFC}"
EndProject
Project("{FAE04EC0-301F-11D3-BF4B-00C04F79EFBC}") = "Fintrack.Identity.Infrastructure", "src\Identity\Fintrack.Identity.Infrastructure\Fintrack.Identity.Infrastructure.csproj", "{36EDF62B-D67D-4B3A-B803-CC31DA43680C}"
EndProject
Project("{2150E333-8FDC-42A3-9474-1A3956D46DE8}") = "Ledger", "Ledger", "{EC70FB42-F5DE-45D9-A2DC-63B4E65319CC}"
EndProject
Project("{FAE04EC0-301F-11D3-BF4B-00C04F79EFBC}") = "Fintrack.Ledger.Domain", "src\Ledger\Fintrack.Ledger.Domain\Fintrack.Ledger.Domain.csproj", "{FA1D81CE-CD5C-4498-8645-3B35F4FCCF44}"
EndProject
Project("{FAE04EC0-301F-11D3-BF4B-00C04F79EFBC}") = "Fintrack.Ledger.Application", "src\Ledger\Fintrack.Ledger.Application\Fintrack.Ledger.Application.csproj", "{96492124-2931-4A6D-8D10-546B039EC4A9}"
EndProject
Project("{FAE04EC0-301F-11D3-BF4B-00C04F79EFBC}") = "Fintrack.Ledger.Infrastructure", "src\Ledger\Fintrack.Ledger.Infrastructure\Fintrack.Ledger.Infrastructure.csproj", "{70AF784E-5FC6-4D6E-924C-6C69BF0F2742}"
EndProject
Project("{FAE04EC0-301F-11D3-BF4B-00C04F79EFBC}") = "Fintrack.API", "src\Fintrack.API\Fintrack.API.csproj", "{F4C53D82-EEF3-0071-1F85-53EA347F212B}"
EndProject
Project("{FAE04EC0-301F-11D3-BF4B-00C04F79EFBC}") = "Fintrack.Identity.Domain.UnitTests", "tests\Identity\Fintrack.Identity.Domain.UnitTests\Fintrack.Identity.Domain.UnitTests.csproj", "{545E7125-4098-41B0-BF83-CB8D76CD31C8}"
EndProject
Project("{2150E333-8FDC-42A3-9474-1A3956D46DE8}") = "Identity", "Identity", "{34800852-359D-479E-8777-3809BF7B4D26}"
EndProject
Project("{FAE04EC0-301F-11D3-BF4B-00C04F79EFBC}") = "Fintrack.Identity.Application.UnitTests", "tests\Identity\Fintrack.Identity.Application.UnitTests\Fintrack.Identity.Application.UnitTests.csproj", "{8A3DE48A-8F6C-4565-B781-08058E39D5DE}"
EndProject
Project("{2150E333-8FDC-42A3-9474-1A3956D46DE8}") = "Ledger", "Ledger", "{1909D5F4-2A82-44E6-9914-B333403AFD5A}"
EndProject
Project("{FAE04EC0-301F-11D3-BF4B-00C04F79EFBC}") = "Fintrack.Ledger.Domain.UnitTests", "tests\Ledger\Fintrack.Ledger.Domain.UnitTests\Fintrack.Ledger.Domain.UnitTests.csproj", "{31E5A375-F014-476A-A820-677384695CA7}"
EndProject
Project("{FAE04EC0-301F-11D3-BF4B-00C04F79EFBC}") = "Fintrack.Ledger.Application.UnitTests", "tests\Ledger\Fintrack.Ledger.Application.UnitTests\Fintrack.Ledger.Application.UnitTests.csproj", "{DF60CB9C-0849-4B8D-862F-64F4366E57A1}"
EndProject
Project("{FAE04EC0-301F-11D3-BF4B-00C04F79EFBC}") = "Fintrack.API.FunctionalTests", "tests\Fintrack.API.FunctionalTests\Fintrack.API.FunctionalTests.csproj", "{F3321FD7-616B-47B0-955A-832A7C5DC4D2}"
EndProject
Global
	GlobalSection(SolutionConfigurationPlatforms) = preSolution
		Debug|Any CPU = Debug|Any CPU
		Release|Any CPU = Release|Any CPU
	EndGlobalSection
	GlobalSection(ProjectConfigurationPlatforms) = postSolution
		{B0C53E34-F5BB-45A1-802E-F2CA827DD7E0}.Debug|Any CPU.ActiveCfg = Debug|Any CPU
		{B0C53E34-F5BB-45A1-802E-F2CA827DD7E0}.Debug|Any CPU.Build.0 = Debug|Any CPU
		{B0C53E34-F5BB-45A1-802E-F2CA827DD7E0}.Release|Any CPU.ActiveCfg = Release|Any CPU
		{B0C53E34-F5BB-45A1-802E-F2CA827DD7E0}.Release|Any CPU.Build.0 = Release|Any CPU
		{15D94B87-BC75-4F6C-97B1-616E8F5D5EFC}.Debug|Any CPU.ActiveCfg = Debug|Any CPU
		{15D94B87-BC75-4F6C-97B1-616E8F5D5EFC}.Debug|Any CPU.Build.0 = Debug|Any CPU
		{15D94B87-BC75-4F6C-97B1-616E8F5D5EFC}.Release|Any CPU.ActiveCfg = Release|Any CPU
		{15D94B87-BC75-4F6C-97B1-616E8F5D5EFC}.Release|Any CPU.Build.0 = Release|Any CPU
		{36EDF62B-D67D-4B3A-B803-CC31DA43680C}.Debug|Any CPU.ActiveCfg = Debug|Any CPU
		{36EDF62B-D67D-4B3A-B803-CC31DA43680C}.Debug|Any CPU.Build.0 = Debug|Any CPU
		{36EDF62B-D67D-4B3A-B803-CC31DA43680C}.Release|Any CPU.ActiveCfg = Release|Any CPU
		{36EDF62B-D67D-4B3A-B803-CC31DA43680C}.Release|Any CPU.Build.0 = Release|Any CPU
		{FA1D81CE-CD5C-4498-8645-3B35F4FCCF44}.Debug|Any CPU.ActiveCfg = Debug|Any CPU
		{FA1D81CE-CD5C-4498-8645-3B35F4FCCF44}.Debug|Any CPU.Build.0 = Debug|Any CPU
		{FA1D81CE-CD5C-4498-8645-3B35F4FCCF44}.Release|Any CPU.ActiveCfg = Release|Any CPU
		{FA1D81CE-CD5C-4498-8645-3B35F4FCCF44}.Release|Any CPU.Build.0 = Release|Any CPU
		{96492124-2931-4A6D-8D10-546B039EC4A9}.Debug|Any CPU.ActiveCfg = Debug|Any CPU
		{96492124-2931-4A6D-8D10-546B039EC4A9}.Debug|Any CPU.Build.0 = Debug|Any CPU
		{96492124-2931-4A6D-8D10-546B039EC4A9}.Release|Any CPU.ActiveCfg = Release|Any CPU
		{96492124-2931-4A6D-8D10-546B039EC4A9}.Release|Any CPU.Build.0 = Release|Any CPU
		{70AF784E-5FC6-4D6E-924C-6C69BF0F2742}.Debug|Any CPU.ActiveCfg = Debug|Any CPU
		{70AF784E-5FC6-4D6E-924C-6C69BF0F2742}.Debug|Any CPU.Build.0 = Debug|Any CPU
		{70AF784E-5FC6-4D6E-924C-6C69BF0F2742}.Release|Any CPU.ActiveCfg = Release|Any CPU
		{70AF784E-5FC6-4D6E-924C-6C69BF0F2742}.Release|Any CPU.Build.0 = Release|Any CPU
		{F4C53D82-EEF3-0071-1F85-53EA347F212B}.Debug|Any CPU.ActiveCfg = Debug|Any CPU
		{F4C53D82-EEF3-0071-1F85-53EA347F212B}.Debug|Any CPU.Build.0 = Debug|Any CPU
		{F4C53D82-EEF3-0071-1F85-53EA347F212B}.Release|Any CPU.ActiveCfg = Release|Any CPU
		{F4C53D82-EEF3-0071-1F85-53EA347F212B}.Release|Any CPU.Build.0 = Release|Any CPU
		{545E7125-4098-41B0-BF83-CB8D76CD31C8}.Debug|Any CPU.ActiveCfg = Debug|Any CPU
		{545E7125-4098-41B0-BF83-CB8D76CD31C8}.Debug|Any CPU.Build.0 = Debug|Any CPU
		{545E7125-4098-41B0-BF83-CB8D76CD31C8}.Release|Any CPU.ActiveCfg = Release|Any CPU
		{545E7125-4098-41B0-BF83-CB8D76CD31C8}.Release|Any CPU.Build.0 = Release|Any CPU
		{8A3DE48A-8F6C-4565-B781-08058E39D5DE}.Debug|Any CPU.ActiveCfg = Debug|Any CPU
		{8A3DE48A-8F6C-4565-B781-08058E39D5DE}.Debug|Any CPU.Build.0 = Debug|Any CPU
		{8A3DE48A-8F6C-4565-B781-08058E39D5DE}.Release|Any CPU.ActiveCfg = Release|Any CPU
		{8A3DE48A-8F6C-4565-B781-08058E39D5DE}.Release|Any CPU.Build.0 = Release|Any CPU
		{31E5A375-F014-476A-A820-677384695CA7}.Debug|Any CPU.ActiveCfg = Debug|Any CPU
		{31E5A375-F014-476A-A820-677384695CA7}.Debug|Any CPU.Build.0 = Debug|Any CPU
		{31E5A375-F014-476A-A820-677384695CA7}.Release|Any CPU.ActiveCfg = Release|Any CPU
		{31E5A375-F014-476A-A820-677384695CA7}.Release|Any CPU.Build.0 = Release|Any CPU
		{DF60CB9C-0849-4B8D-862F-64F4366E57A1}.Debug|Any CPU.ActiveCfg = Debug|Any CPU
		{DF60CB9C-0849-4B8D-862F-64F4366E57A1}.Debug|Any CPU.Build.0 = Debug|Any CPU
		{DF60CB9C-0849-4B8D-862F-64F4366E57A1}.Release|Any CPU.ActiveCfg = Release|Any CPU
		{DF60CB9C-0849-4B8D-862F-64F4366E57A1}.Release|Any CPU.Build.0 = Release|Any CPU
		{F3321FD7-616B-47B0-955A-832A7C5DC4D2}.Debug|Any CPU.ActiveCfg = Debug|Any CPU
		{F3321FD7-616B-47B0-955A-832A7C5DC4D2}.Debug|Any CPU.Build.0 = Debug|Any CPU
		{F3321FD7-616B-47B0-955A-832A7C5DC4D2}.Release|Any CPU.ActiveCfg = Release|Any CPU
		{F3321FD7-616B-47B0-955A-832A7C5DC4D2}.Release|Any CPU.Build.0 = Release|Any CPU
	EndGlobalSection
	GlobalSection(SolutionProperties) = preSolution
		HideSolutionNode = FALSE
	EndGlobalSection
	GlobalSection(NestedProjects) = preSolution
		{DCBE846A-AFEF-424F-90CA-67D4AD52C67A} = {02EA681E-C7D8-13C7-8484-4AC65E1B71E8}
		{B0C53E34-F5BB-45A1-802E-F2CA827DD7E0} = {DCBE846A-AFEF-424F-90CA-67D4AD52C67A}
		{15D94B87-BC75-4F6C-97B1-616E8F5D5EFC} = {DCBE846A-AFEF-424F-90CA-67D4AD52C67A}
		{36EDF62B-D67D-4B3A-B803-CC31DA43680C} = {DCBE846A-AFEF-424F-90CA-67D4AD52C67A}
		{EC70FB42-F5DE-45D9-A2DC-63B4E65319CC} = {02EA681E-C7D8-13C7-8484-4AC65E1B71E8}
		{FA1D81CE-CD5C-4498-8645-3B35F4FCCF44} = {EC70FB42-F5DE-45D9-A2DC-63B4E65319CC}
		{96492124-2931-4A6D-8D10-546B039EC4A9} = {EC70FB42-F5DE-45D9-A2DC-63B4E65319CC}
		{70AF784E-5FC6-4D6E-924C-6C69BF0F2742} = {EC70FB42-F5DE-45D9-A2DC-63B4E65319CC}
		{F4C53D82-EEF3-0071-1F85-53EA347F212B} = {02EA681E-C7D8-13C7-8484-4AC65E1B71E8}
		{545E7125-4098-41B0-BF83-CB8D76CD31C8} = {34800852-359D-479E-8777-3809BF7B4D26}
		{34800852-359D-479E-8777-3809BF7B4D26} = {10FE260B-071A-43A7-BE72-CF67AAE2BD6F}
		{8A3DE48A-8F6C-4565-B781-08058E39D5DE} = {34800852-359D-479E-8777-3809BF7B4D26}
		{1909D5F4-2A82-44E6-9914-B333403AFD5A} = {10FE260B-071A-43A7-BE72-CF67AAE2BD6F}
		{31E5A375-F014-476A-A820-677384695CA7} = {1909D5F4-2A82-44E6-9914-B333403AFD5A}
		{DF60CB9C-0849-4B8D-862F-64F4366E57A1} = {1909D5F4-2A82-44E6-9914-B333403AFD5A}
		{F3321FD7-616B-47B0-955A-832A7C5DC4D2} = {10FE260B-071A-43A7-BE72-CF67AAE2BD6F}
	EndGlobalSection
	GlobalSection(ExtensibilityGlobals) = postSolution
		SolutionGuid = {D0662B88-5606-4C82-992D-EE4409B058D8}
	EndGlobalSection
EndGlobal
